<Solution>
  <Folder Name="/Achievements/">
    <Project Path="DemoModdableAchievements/DemoModdableAchievements.csproj" Id="dbc75ca6-0dda-4656-85bb-f95b97280542" />
    <Project Path="ModdableTimberbornAchievements/ModdableTimberbornAchievements.csproj" Id="3b3c126f-cf40-4fe0-ac31-e51b7683a150" />
    <Project Path="MoreAchievements/MoreAchievements.csproj" Id="f6a03a58-8dab-44a9-bb46-32e48d6e32c4" />
    <Project Path="TImprove4Achievements/TImprove4Achievements.csproj" Id="8dd23b49-330e-4d89-b8ed-55984f92c9e3" />
  </Folder>
  <Folder Name="/Automations/">
    <Project Path="AutomationArrays/AutomationArrays.csproj" Id="4e7ed989-493f-44ef-82bd-d4de4493f532" />
    <Project Path="AutomationGraph/AutomationGraph.csproj" Id="12e55752-db52-465a-8e8f-d3db9f885856" />
    <Project Path="BetterWeatherStation/BetterWeatherStation.csproj" Id="2a54e76c-8815-4bf0-9312-78be9bcb629b" />
    <Project Path="PausableSensors/PausableSensors.csproj" Id="c881a04b-23ee-4d5b-9675-0cf98f128b91" />
  </Folder>
  <Folder Name="/BChronicles/">
    <Project Path="BeaverChronicles/BeaverChronicles.csproj" Id="c21248d9-cac1-4194-b0f9-aae8a889e8ad" />
    <Project Path="BeaverChroniclesCampfire/BeaverChroniclesCampfire.csproj" Id="8cf1e96a-1dae-40b6-9c7d-410f406bea43" />
    <Project Path="BeaverChroniclesTimberpunk2/BeaverChroniclesTimberpunk2.csproj" Id="21be0c33-78e6-47c8-8914-257b45f21d3f" />
    <Project Path="BeaverChroniclesWaterfallEventPack/BeaverChroniclesWaterfallEventPack.csproj" />
  </Folder>
  <Folder Name="/Configurables/">
    <Project Path="ConfigurableAutoSave/ConfigurableAutoSave.csproj" />
    <Project Path="ConfigurableBeaverWalk/ConfigurableBeaverWalk.csproj" />
    <Project Path="ConfigurableBuildingRange/ConfigurableBuildingRange.csproj" />
    <Project Path="ConfigurableExplosives/ConfigurableExplosives.csproj" />
    <Project Path="ConfigurableFaction/ConfigurableFaction.csproj" Id="d6f915cd-7cb2-4f91-b132-5cebf6dced75" />
    <Project Path="ConfigurableFun/ConfigurableFun.csproj" />
    <Project Path="ConfigurableGameSpeed/ConfigurableGameSpeed.csproj" />
    <Project Path="ConfigurableHousing/ConfigurableHousing.csproj" />
    <Project Path="ConfigurableIrrigation/ConfigurableIrrigation.csproj" />
    <Project Path="ConfigurableLifetime/ConfigurableLifetime.csproj" />
    <Project Path="ConfigurablePlants/ConfigurablePlants.csproj" />
    <Project Path="ConfigurablePowerLines/ConfigurablePowerLines.csproj" />
    <Project Path="ConfigurablePumps/ConfigurablePumps.csproj" />
    <Project Path="ConfigurableShantySpeaker/ConfigurableShantySpeaker.csproj" />
    <Project Path="ConfigurableTubeZipLine/ConfigurableTubeZipLine.csproj" />
    <Project Path="ConfigurableWorkplace/ConfigurableWorkplace.csproj" />
    <Project Path="ConstantWind/ConstantWind.csproj" />
    <Project Path="DirectionalDynamite/DirectionalDynamite.csproj" />
    <Project Path="FasterConfigurableStorages/FasterConfigurableStorages.csproj" />
    <Project Path="FasterUnderwaterMovement/FasterUnderwaterMovement.csproj" />
  </Folder>
  <Folder Name="/Daisugi/">
    <Project Path="ConfigurableDaisugiForestry/ConfigurableDaisugiForestry.csproj" />
    <Project Path="DaisugiForestry/DaisugiForestry.csproj" />
  </Folder>
  <Folder Name="/Decals/">
    <Project Path="BuildingDecal/BuildingDecal.csproj" />
    <Project Path="DynamicTailsBanners/DynamicTailsBanners.csproj" Id="735535db-d93a-4b5e-b0d9-9cf003a2ba09" />
    <Project Path="ModdableDecalGroups/ModdableDecalGroups.csproj" Id="ba34c21b-13c2-41a3-81ed-d3c7b6346889" />
    <Project Path="TailsAndBannersModMaker/TailsAndBannersModMaker.csproj" Id="70e35928-508a-4e17-82dc-1b14a24fc814" />
  </Folder>
  <Folder Name="/Http/">
    <Project Path="MoreHttpApi.Shared/MoreHttpApi.Shared.csproj" Id="96e529d3-e01f-4ca6-abbf-88ce069f86e2" />
    <Project Path="MoreHttpApi/MoreHttpApi.csproj" Id="b551f07a-1ca3-4398-9bef-b7374f425ff4" />
    <Project Path="MoreHttpApiAutomations/MoreHttpApiAutomations.csproj" Id="4491d5ba-2eb8-400d-9d77-268fe4cbae14" />
    <Project Path="TimberLive/TimberLive.csproj" Id="621531a0-0c11-46a1-818b-ca401e43bd5d" />
  </Folder>
  <Folder Name="/JsonMods/">
    <Project Path="AirlockChamber/AirlockChamber.csproj" />
    <Project Path="FolktailsPlus/FolktailsPlus.csproj" Id="efe30e2d-7866-4d0b-bf74-fe37001af383" />
    <Project Path="PaperAndBookForIronTeeth/PaperAndBookForIronTeeth.csproj" />
    <Project Path="PoweredTubeway/PoweredTubeway.csproj" />
    <Project Path="RubblesPlzNoExpire/RubblesPlzNoExpire.csproj" Id="7ae1b9d7-27f9-4e97-9b54-6ab088ecaf03" />
    <Project Path="TimbitsTimbots/TimbitsTimbots.csproj" />
  </Folder>
  <Folder Name="/Logistics/">
    <Project Path="BuildingRenovations/BuildingRenovations.csproj" Id="ff96ec85-376f-48ac-9d54-5ef2cdd1e7c6" />
    <Project Path="ConveyorBelt/ConveyorBelt.csproj" />
    <Project Path="Crane/Crane.csproj" Id="c15696de-b080-4f84-a112-81c2827ec7b5" />
    <Project Path="CraneHeads/CraneHeads.csproj" Id="bf44072f-2936-4e12-9a7c-22c01f4702b1" />
    <Project Path="DistroStorage/DistroStorage.csproj" Id="e403d0a7-4b71-4fd1-961d-59e6c15b129e" />
    <Project Path="MoreBuildingRenovations/MoreBuildingRenovations.csproj" Id="4e33da4c-7cee-4bb9-88ca-a157added875" />
    <Project Path="StockpileBalancer/StockpileBalancer.csproj" Id="cdf8588f-efdd-40b8-83bb-534a56c44b9a" />
    <Project Path="TimberPipes.Tests/TimberPipes.Tests.csproj" />
    <Project Path="TimberPipes/TimberPipes.csproj" Id="f407af6b-4802-470c-99e6-882ad4b1b9fa" />
    <Project Path="UnstableCoreChallenge/UnstableCoreChallenge.csproj" />
  </Folder>
  <Folder Name="/Moddable/">
    <Project Path="ExtendedOptionalModSupport/ExtendedOptionalModSupport.csproj" Id="b2b9ec26-90c8-4059-bd4d-af07b21fae7d" />
    <Project Path="RealLights/RealLights.csproj" />
    <Project Path="RoofMap/RoofMap.csproj" />
    <Project Path="TimberModBuilder/TimberModBuilder.csproj" />
    <Project Path="XtraPlzNoCrashes/XtraPlzNoCrashes.csproj" />
  </Folder>
  <Folder Name="/Moddable/GlobalInventory/">
    <Project Path="GlobalInventory/GlobalInventory.csproj" Id="3d6278e3-ad5d-4a77-bced-09f75982110f" />
  </Folder>
  <Folder Name="/Moddable/ModdableRecipes/">
    <Project Path="ModdableRecipes/ModdableRecipes.csproj" Id="03236c61-697a-47fd-8020-71f4dd42b1d9" />
    <Project Path="ModdableRecipesDemo/ModdableRecipesDemo.csproj" Id="d415c597-a188-4a36-bb28-79e7f249fe26" />
  </Folder>
  <Folder Name="/Moddable/ModdableTimberborn/">
    <Project Path="ModdableTimberborn.ModdableWeather/ModdableTimberborn.ModdableWeather.csproj" Id="9fce2680-3e65-40a3-a70f-f6d9c86482a3" />
    <Project Path="ModdableTimberborn.Tests/ModdableTimberborn.Tests.csproj" Id="dd6ba177-8481-4317-8127-84efd400fc36" />
    <Project Path="ModdableTimberborn/ModdableTimberborn.csproj" />
    <Project Path="ModdableTimberbornDemo/ModdableTimberbornDemo.csproj" />
  </Folder>
  <Folder Name="/Moddable/ModdableToolGroups/">
    <Project Path="ConfigurableToolGroups/ConfigurableToolGroups.csproj" Id="000c57eb-c8be-4b9f-90ff-c928aeb3e94e" />
    <Project Path="ModdableToolGroupsDemo/ModdableToolGroupsDemo.csproj" Id="86d937ab-5644-43a2-8e4f-296ce24bd416" />
    <Project Path="ModdableToolGroupsHotkeys/ModdableToolGroupsHotkeys.csproj" Id="e8f9093b-605e-4ef4-8c3d-be0a4a532388" />
    <Project Path="MoreOrganizedToolGroups/MoreOrganizedToolGroups.csproj" Id="0bc40b6f-0a04-44c4-9d3d-0937b4def1b5" />
    <Project Path="RadialToolbar/RadialToolbar.csproj" Id="06d478d1-4f9b-429b-a34f-abf381353eff" />
  </Folder>
  <Folder Name="/Moddable/ModdableWeathers/">
    <Project Path="EarthquakeWeather/EarthquakeWeather.csproj" />
    <Project Path="ModdableWeathers/ModdableWeathers.csproj" Id="08708854-4a09-465f-9005-87b4d008edb8" />
    <Project Path="SkyblightWeather/SkyblightWeather.csproj" />
    <Project Path="WeatherEditor/WeatherEditor.csproj" />
  </Folder>
  <Folder Name="/NonGameplay/">
    <Project Path="BeaverJukebox/BeaverJukebox.csproj" />
    <Project Path="BuildingSigns/BuildingSigns.csproj" Id="2c2eadea-3298-4657-8e3c-462748e7ba53" />
    <Project Path="CameraBookmarks/CameraBookmarks.csproj" />
    <Project Path="ColorfulBeavers/ColorfulBeavers.csproj" />
    <Project Path="ColorfulZipline/ColorfulZipline.csproj" />
    <Project Path="ConfigurableTopBar/ConfigurableTopBar.csproj" Id="9eb023f5-6743-484b-ac4c-723fb933a1a3" />
    <Project Path="ConstructionNotifier/ConstructionNotifier.csproj" Id="b3cf9873-e156-4ca5-a1cd-2a1883dd1e6f" />
    <Project Path="CopyNameToo/CopyNameToo.csproj" Id="86034be9-2cbd-47bf-b296-dd3a9349a77a" />
    <Project Path="DecorativePlants/DecorativePlants.csproj" Id="cae31d9d-4321-4d81-ac9a-6ee34793c666" />
    <Project Path="DevModeButton/DevModeButton.csproj" />
    <Project Path="EasyTerrainBlock/EasyTerrainBlock.csproj" Id="8f965d23-143c-464c-8132-6435687ca77a" />
    <Project Path="EvenMoreLights/EvenMoreLights.csproj" />
    <Project Path="HousePainter/HousePainter.csproj" Id="3f81c3c0-a6af-48c3-b9f0-081c4047354d" />
    <Project Path="HueAndTurnX/HueAndTurnX.csproj" Id="c6f14e26-4102-4679-a11c-07f50cbbfb68" />
    <Project Path="MacroManagement/MacroManagement.csproj" />
    <Project Path="MoreNaming/MoreNaming.csproj" />
    <Project Path="MoreOverlay/MoreOverlay.csproj" Id="62c8c4e9-7452-464f-8b8f-3b826cf0c4fb" />
    <Project Path="Pin/Pin.csproj" />
    <Project Path="PlottingTool/PlottingTool.csproj" />
    <Project Path="PowerCopy/PowerCopy.csproj" Id="8831a6c9-3817-4a99-b0cd-d22d52a0d688" />
    <Project Path="QuickStart/QuickStart.csproj" />
    <Project Path="RealStars/RealStars.csproj" Id="dc3d3f53-81b2-4efd-ab07-3c0d84dcd684" />
    <Project Path="SyncableSettings/SyncableSettings.csproj" />
    <Project Path="TransparentShaders/TransparentShaders.csproj" />
    <Project Path="TransparentTerrain/TransparentTerrain.csproj" />
    <Project Path="WarningsBeGone/WarningsBeGone.csproj" Id="cb3dc4d5-35d0-4c22-a5e5-eb804d097467" />
    <Project Path="WoodYouLookAtTheLog/WoodYouLookAtTheLog.csproj" Id="0736b0f5-aa50-4463-b7f2-1f29a2d2aa85" />
  </Folder>
  <Folder Name="/NonGameplay/BuildingBlueprints/">
    <Project Path="BuildingBlueprints/BuildingBlueprints.csproj" Id="41a2a567-ed9e-4aaf-a40f-8aa47fd003d4" />
    <Project Path="BuildingBlueprintsSteamWorkshop/BuildingBlueprintsSteamWorkshop.csproj" Id="04c3399b-1085-4dbf-86d0-5cb6dc0dcee5" />
  </Folder>
  <Folder Name="/ScientificProjects/">
    <Project Path="ScientificProjects/AlternativeRecipesSPs/AlternativeRecipesSPs.csproj" />
    <Project Path="ScientificProjects/BrainPowerSPs/BrainPowerSPs.csproj" />
    <Project Path="ScientificProjects/HydroFormaProjects/HydroFormaProjects.csproj" />
    <Project Path="ScientificProjects/ScientificProjects/ScientificProjects.csproj" />
    <Project Path="ScientificProjects/WeatherScientificProjects/WeatherScientificProjects.csproj" />
  </Folder>
  <Folder Name="/TechTrees/">
    <Project Path="TechTree/TechTree.csproj" Id="ecd2a1b6-db7f-4076-9764-fa6195882a61" />
    <Project Path="TechTreeBlueprintScript/TechTreeBlueprintScript.csproj" Id="a9125e84-c422-46a5-aedb-bce69ab101b7" />
  </Folder>
  <Folder Name="/TimberQuests/">
    <Project Path="ScenarioEditor/ScenarioEditor.csproj" />
    <Project Path="TimberQuests/TimberQuests/TimberQuests.csproj" />
  </Folder>
  <Folder Name="/TimberUi/">
    <Project Path="TimberUi/TimberUi/TimberUi.csproj" />
    <Project Path="TimberUi/TimberUiDemo/TimberUiDemo.csproj" />
  </Folder>
  <Folder Name="/TImprove/">
    <Project Path="SuperCursor/SuperCursor.csproj" />
    <Project Path="TImprove/TImprove.csproj" />
    <Project Path="TImprove4Modders/TImprove4Modders.csproj" />
    <Project Path="TImprove4Mods/TImprove4Mods.csproj" />
    <Project Path="TImprove4Ui/TImprove4Ui.csproj" />
    <Project Path="TImprove4UX/TImprove4UX.csproj" />
  </Folder>
  <Folder Name="/_Utils/">
    <File Path=".editorconfig" />
    <File Path=".github/copilot-instructions.md.MD" />
    <Project Path="FileFinder/FileFinder.csproj" />
    <Project Path="GameAssemblyPublicizer/GameAssemblyPublicizer.csproj" />
    <Project Path="GameAssemblyUsingGenerator/GameAssemblyUsingGenerator.csproj" Id="0a90bfcf-d0de-4970-a0f0-9ef778e41a70" />
    <Project Path="ModAnalyzers/ModAnalyzers.csproj" />
    <Project Path="ModdingAssetUpdater/ModdingAssetUpdater.csproj" Id="42a47b1d-9de4-43e1-983a-9b338e93a609" />
    <Project Path="StartGame/StartGame.csproj" />
    <Project Path="Timbermesh2Blender/Timbermesh2Blender.csproj" Id="c15e3c5b-1a88-45f9-8480-7401c0e1a330" />
    <Project Path="TimbermeshMaterialPatcher/TimbermeshMaterialPatcher.csproj" />
  </Folder>
  <Folder Name="/_Utils/Libs/">
    <Project Path="BlueprintReader/BlueprintReader.csproj" Id="09bdf24b-19f8-4f7f-b8f1-2c1b47c9b54b" />
  </Folder>
  <Folder Name="/_Utils/Targets/">
    <File Path="Targets/Common.targets" />
    <File Path="Targets/CommonBeaverChronicles.targets" />
    <File Path="Targets/CommonCrane.targets" />
    <File Path="Targets/CommonDebug.targets" />
    <File Path="Targets/CommonDistroStorage.targets" />
    <File Path="Targets/CommonGlobalUsings.targets" />
    <File Path="Targets/CommonHarmony.targets" />
    <File Path="Targets/CommonJson.targets" />
    <File Path="Targets/CommonMM.targets" />
    <File Path="Targets/CommonModBuilder.targets" />
    <File Path="Targets/CommonModdableRecipes.targets" />
    <File Path="Targets/CommonModdableTimberborn.targets" />
    <File Path="Targets/CommonModdableToolGroups.targets" />
    <File Path="Targets/CommonModdableToolGroupsHotkey.targets" />
    <File Path="Targets/CommonModdableWeathers.targets" />
    <File Path="Targets/CommonMoreHttpApi.targets" />
    <File Path="Targets/CommonProperties.targets" />
    <File Path="Targets/CommonRenovations.targets" />
    <File Path="Targets/CommonScientificProjects.targets" />
    <File Path="Targets/CommonTests.targets" />
    <File Path="Targets/CommonTimberUI.targets" />
    <File Path="Targets/CommonTransparentShaders.targets" />
    <File Path="Targets/CommonUI.targets" />
  </Folder>
  <Project Path="AllBuildingsTransferPower/AllBuildingsTransferPower.csproj" Id="cf6384c2-6cc8-4ba3-8de9-ecb4cbc7f0e6" />
  <Project Path="AllGoodsInWarehouses/AllGoodsInWarehouses.csproj" />
  <Project Path="AlwaysConnected/AlwaysConnected.csproj" />
  <Project Path="AlwaysFlexibleStart/AlwaysFlexibleStart.csproj" />
  <Project Path="BathBombs/BathBombs.csproj" Id="3f10831a-291c-4b0e-b023-cce6242f0c07" />
  <Project Path="Battery/Battery.csproj" Id="ac915a66-7cd5-426b-81a1-d5c10e9bc206" />
  <Project Path="BeavVsMachine/BeavVsMachine.csproj" />
  <Project Path="BenchmarkAndOptimizer/BenchmarkAndOptimizer.csproj" />
  <Project Path="BlockObjectDebugger/BlockObjectDebugger.csproj" />
  <Project Path="BlueprintRelics/BlueprintRelics.csproj" Id="6fb1bd59-00b6-4e80-a0ae-1d3b1d4b4823" />
  <Project Path="ConstructionSiteHauler/ConstructionSiteHauler.csproj" Id="00766084-d416-4c0a-ac71-ee8f80b61add" />
  <Project Path="CutAllTrees/CutAllTrees.csproj" />
  <Project Path="DevButton/DevButton.csproj" Id="00e9d4ec-0de4-48b4-b9c6-c8f034db4d06" />
  <Project Path="DisableHauling/DisableHauling.csproj" Id="c4d376e5-0e0a-47a2-b90a-da1a462d9240" />
  <Project Path="EditSaveDifficulty/EditSaveDifficulty.csproj" />
  <Project Path="ExtendedBuilderReach/ExtendedBuilderReach.csproj" />
  <Project Path="FiveMoreMins/FiveMoreMins.csproj" />
  <Project Path="Fourpillars/Fourpillars.csproj" Id="0294456e-8a73-4d8a-90f3-cccb60b589c1" />
  <Project Path="Gate/Gate.csproj" />
  <Project Path="GateV1/GateV1.csproj" Id="1b1c9c90-0300-43d2-aa6c-b92dcdb4ecce" />
  <Project Path="GlobalWellbeing/GlobalWellbeing.csproj" />
  <Project Path="HangingOverhang/HangingOverhang.csproj" />
  <Project Path="Hospital/Hospital.csproj" />
  <Project Path="InstantBuild/InstantBuild.csproj" />
  <Project Path="LunchBreak/LunchBreak.csproj" />
  <Project Path="MapTransformer/MapTransformer.csproj" Id="4434f7e8-6482-45e7-b426-abe2219ec477" />
  <Project Path="MechanicalFilterPump/MechanicalFilterPump.csproj" />
  <Project Path="MerryChristmas2025/MerryChristmas2025.csproj" Id="88ea19d7-98a9-4248-8bfc-9a49a8b50a1f" />
  <Project Path="MicroManagement/MicroManagement.csproj" />
  <Project Path="NoBuildRestriction/NoBuildRestriction.csproj" />
  <Project Path="NoWaterCompression/NoWaterCompression.csproj" Id="5e34d978-6930-4245-8b77-68ba334912af" />
  <Project Path="PackagerBuilder/PackagerBuilder.csproj" />
  <Project Path="PowerLines/PowerLines.csproj" Id="2799b4f0-7fb7-4875-81fc-9154835f4ed7" />
  <Project Path="PowerOverdrive/PowerOverdrive.csproj" Id="8f49df18-5f69-4a6a-93e4-c72fa40443db" />
  <Project Path="RamPump/RamPump.csproj" Id="d754f19b-75c3-4bf1-ae12-cfcdc54933ed" />
  <Project Path="RubbleSatisfactidy/RubbleSatisfactidy.csproj" />
  <Project Path="SaveEveryday/SaveEveryday.csproj" />
  <Project Path="ScienceShop/ScienceShop.csproj" Id="06e832e1-0152-4e5a-a7ce-fd341af665cc" />
  <Project Path="SluiceIsBack/SluiceIsBack.csproj" Id="42067f99-093b-4d62-a4b1-afdad82f6218" />
  <Project Path="StableCore/StableCore.csproj" />
  <Project Path="StreamGaugeTracker/StreamGaugeTracker.csproj" />
  <Project Path="TerraceFarm/TerraceFarm.csproj" Id="9f039bfc-4c74-4575-9884-894b6e7b4f39" />
  <Project Path="TestMod/TestMod.csproj" />
  <Project Path="TheArchitectsToolkit/TheArchitectsToolkit.csproj" />
  <Project Path="TimberDump/TimberDump.csproj" />
  <Project Path="TimberMarket/TimberMarket.csproj" />
  <Project Path="UnlimitedDistrictRange/UnlimitedDistrictRange.csproj" />
  <Project Path="WaterErosion/WaterErosion.csproj" Id="93573e9b-b1df-4bef-a732-297979de88d5" />
  <Project Path="WaterSwap/WaterSwap.csproj" />
  <Project Path="WirelessCoil/WirelessCoil.csproj" />
  <Project Path="Ziporter/Ziporter.csproj" />
</Solution>
